// !$*UTF8*$!
{
	archiveVersion = 1;
	classes = {
	};
	objectVersion = 50;
	objects = {

/* Begin PBXBuildFile section */
		C254B4122502BA1C00FE0112 /* Extension+UIViewController.swift in Sources */ = {isa = PBXBuildFile; fileRef = C254B4112502BA1C00FE0112 /* Extension+UIViewController.swift */; };
		C254B4142502BAC300FE0112 /* MulticastDelegate.swift in Sources */ = {isa = PBXBuildFile; fileRef = C254B4132502BAC300FE0112 /* MulticastDelegate.swift */; };
		C254B4182502BBEE00FE0112 /* BaseViewController.swift in Sources */ = {isa = PBXBuildFile; fileRef = C254B4172502BBEE00FE0112 /* BaseViewController.swift */; };
		C254B41A2502BC0500FE0112 /* FirstChildViewController.swift in Sources */ = {isa = PBXBuildFile; fileRef = C254B4192502BC0500FE0112 /* FirstChildViewController.swift */; };
		C254B41C2502BC1E00FE0112 /* SecondChildViewController.swift in Sources */ = {isa = PBXBuildFile; fileRef = C254B41B2502BC1E00FE0112 /* SecondChildViewController.swift */; };
		C254B41E2502BC3100FE0112 /* ThirdChildViewController.swift in Sources */ = {isa = PBXBuildFile; fileRef = C254B41D2502BC3100FE0112 /* ThirdChildViewController.swift */; };
		C254B4202502BC4500FE0112 /* FourthChildViewController.swift in Sources */ = {isa = PBXBuildFile; fileRef = C254B41F2502BC4500FE0112 /* FourthChildViewController.swift */; };
		C2AB2A98250012FE00AEE257 /* AppDelegate.swift in Sources */ = {isa = PBXBuildFile; fileRef = C2AB2A97250012FE00AEE257 /* AppDelegate.swift */; };
		C2AB2A9A250012FE00AEE257 /* SceneDelegate.swift in Sources */ = {isa = PBXBuildFile; fileRef = C2AB2A99250012FE00AEE257 /* SceneDelegate.swift */; };
		C2AB2A9C250012FE00AEE257 /* RootViewController.swift in Sources */ = {isa = PBXBuildFile; fileRef = C2AB2A9B250012FE00AEE257 /* RootViewController.swift */; };
		C2AB2AA1250012FF00AEE257 /* Assets.xcassets in Resources */ = {isa = PBXBuildFile; fileRef = C2AB2AA0250012FF00AEE257 /* Assets.xcassets */; };
		C2AB2AA4250012FF00AEE257 /* LaunchScreen.storyboard in Resources */ = {isa = PBXBuildFile; fileRef = C2AB2AA2250012FF00AEE257 /* LaunchScreen.storyboard */; };
		C2AB2AAC250019D300AEE257 /* Service.swift in Sources */ = {isa = PBXBuildFile; fileRef = C2AB2AAB250019D300AEE257 /* Service.swift */; };
/* End PBXBuildFile section */

/* Begin PBXFileReference section */
		C254B4112502BA1C00FE0112 /* Extension+UIViewController.swift */ = {isa = PBXFileReference; lastKnownFileType = sourcecode.swift; path = "Extension+UIViewController.swift"; sourceTree = "<group>"; };
		C254B4132502BAC300FE0112 /* MulticastDelegate.swift */ = {isa = PBXFileReference; lastKnownFileType = sourcecode.swift; path = MulticastDelegate.swift; sourceTree = "<group>"; };
		C254B4172502BBEE00FE0112 /* BaseViewController.swift */ = {isa = PBXFileReference; lastKnownFileType = sourcecode.swift; path = BaseViewController.swift; sourceTree = "<group>"; };
		C254B4192502BC0500FE0112 /* FirstChildViewController.swift */ = {isa = PBXFileReference; lastKnownFileType = sourcecode.swift; path = FirstChildViewController.swift; sourceTree = "<group>"; };
		C254B41B2502BC1E00FE0112 /* SecondChildViewController.swift */ = {isa = PBXFileReference; lastKnownFileType = sourcecode.swift; path = SecondChildViewController.swift; sourceTree = "<group>"; };
		C254B41D2502BC3100FE0112 /* ThirdChildViewController.swift */ = {isa = PBXFileReference; lastKnownFileType = sourcecode.swift; path = ThirdChildViewController.swift; sourceTree = "<group>"; };
		C254B41F2502BC4500FE0112 /* FourthChildViewController.swift */ = {isa = PBXFileReference; lastKnownFileType = sourcecode.swift; path = FourthChildViewController.swift; sourceTree = "<group>"; };
		C2AB2A94250012FE00AEE257 /* MulticastDelegatePattern.app */ = {isa = PBXFileReference; explicitFileType = wrapper.application; includeInIndex = 0; path = MulticastDelegatePattern.app; sourceTree = BUILT_PRODUCTS_DIR; };
		C2AB2A97250012FE00AEE257 /* AppDelegate.swift */ = {isa = PBXFileReference; lastKnownFileType = sourcecode.swift; path = AppDelegate.swift; sourceTree = "<group>"; };
		C2AB2A99250012FE00AEE257 /* SceneDelegate.swift */ = {isa = PBXFileReference; lastKnownFileType = sourcecode.swift; path = SceneDelegate.swift; sourceTree = "<group>"; };
		C2AB2A9B250012FE00AEE257 /* RootViewController.swift */ = {isa = PBXFileReference; lastKnownFileType = sourcecode.swift; path = RootViewController.swift; sourceTree = "<group>"; };
		C2AB2AA0250012FF00AEE257 /* Assets.xcassets */ = {isa = PBXFileReference; lastKnownFileType = folder.assetcatalog; path = Assets.xcassets; sourceTree = "<group>"; };
		C2AB2AA3250012FF00AEE257 /* Base */ = {isa = PBXFileReference; lastKnownFileType = file.storyboard; name = Base; path = Base.lproj/LaunchScreen.storyboard; sourceTree = "<group>"; };
		C2AB2AA5250012FF00AEE257 /* Info.plist */ = {isa = PBXFileReference; lastKnownFileType = text.plist.xml; path = Info.plist; sourceTree = "<group>"; };
		C2AB2AAB250019D300AEE257 /* Service.swift */ = {isa = PBXFileReference; lastKnownFileType = sourcecode.swift; path = Service.swift; sourceTree = "<group>"; };
/* End PBXFileReference section */

/* Begin PBXFrameworksBuildPhase section */
		C2AB2A91250012FE00AEE257 /* Frameworks */ = {
			isa = PBXFrameworksBuildPhase;
			buildActionMask = 2147483647;
			files = (
			);
			runOnlyForDeploymentPostprocessing = 0;
		};
/* End PBXFrameworksBuildPhase section */

/* Begin PBXGroup section */
		C254B4102502B9F800FE0112 /* Childs */ = {
			isa = PBXGroup;
			children = (
				C254B4172502BBEE00FE0112 /* BaseViewController.swift */,
				C254B4192502BC0500FE0112 /* FirstChildViewController.swift */,
				C254B41B2502BC1E00FE0112 /* SecondChildViewController.swift */,
				C254B41D2502BC3100FE0112 /* ThirdChildViewController.swift */,
				C254B41F2502BC4500FE0112 /* FourthChildViewController.swift */,
			);
			path = Childs;
			sourceTree = "<group>";
		};
		C254B4152502BAEF00FE0112 /* Supporting Files */ = {
			isa = PBXGroup;
			children = (
				C2AB2A97250012FE00AEE257 /* AppDelegate.swift */,
				C2AB2A99250012FE00AEE257 /* SceneDelegate.swift */,
				C2AB2AA0250012FF00AEE257 /* Assets.xcassets */,
				C2AB2AA2250012FF00AEE257 /* LaunchScreen.storyboard */,
				C2AB2AA5250012FF00AEE257 /* Info.plist */,
			);
			path = "Supporting Files";
			sourceTree = "<group>";
		};
		C2AB2A8B250012FE00AEE257 = {
			isa = PBXGroup;
			children = (
				C2AB2A96250012FE00AEE257 /* MulticastDelegatePattern */,
				C2AB2A95250012FE00AEE257 /* Products */,
			);
			sourceTree = "<group>";
		};
		C2AB2A95250012FE00AEE257 /* Products */ = {
			isa = PBXGroup;
			children = (
				C2AB2A94250012FE00AEE257 /* MulticastDelegatePattern.app */,
			);
			name = Products;
			sourceTree = "<group>";
		};
		C2AB2A96250012FE00AEE257 /* MulticastDelegatePattern */ = {
			isa = PBXGroup;
			children = (
				C254B4102502B9F800FE0112 /* Childs */,
				C2AB2A9B250012FE00AEE257 /* RootViewController.swift */,
				C2AB2AAB250019D300AEE257 /* Service.swift */,
				C254B4132502BAC300FE0112 /* MulticastDelegate.swift */,
				C254B4112502BA1C00FE0112 /* Extension+UIViewController.swift */,
				C254B4152502BAEF00FE0112 /* Supporting Files */,
			);
			path = MulticastDelegatePattern;
			sourceTree = "<group>";
		};
/* End PBXGroup section */

/* Begin PBXNativeTarget section */
		C2AB2A93250012FE00AEE257 /* MulticastDelegatePattern */ = {
			isa = PBXNativeTarget;
			buildConfigurationList = C2AB2AA8250012FF00AEE257 /* Build configuration list for PBXNativeTarget "MulticastDelegatePattern" */;
			buildPhases = (
				C2AB2A90250012FE00AEE257 /* Sources */,
				C2AB2A91250012FE00AEE257 /* Frameworks */,
				C2AB2A92250012FE00AEE257 /* Resources */,
			);
			buildRules = (
			);
			dependencies = (
			);
			name = MulticastDelegatePattern;
			productName = MulticastDelegatePattern;
			productReference = C2AB2A94250012FE00AEE257 /* MulticastDelegatePattern.app */;
			productType = "com.apple.product-type.application";
		};
/* End PBXNativeTarget section */

/* Begin PBXProject section */
		C2AB2A8C250012FE00AEE257 /* Project object */ = {
			isa = PBXProject;
			attributes = {
				LastSwiftUpdateCheck = 1200;
				LastUpgradeCheck = 1200;
				TargetAttributes = {
					C2AB2A93250012FE00AEE257 = {
						CreatedOnToolsVersion = 12.0;
					};
				};
			};
			buildConfigurationList = C2AB2A8F250012FE00AEE257 /* Build configuration list for PBXProject "MulticastDelegatePattern" */;
			compatibilityVersion = "Xcode 9.3";
			developmentRegion = en;
			hasScannedForEncodings = 0;
			knownRegions = (
				en,
				Base,
			);
			mainGroup = C2AB2A8B250012FE00AEE257;
			productRefGroup = C2AB2A95250012FE00AEE257 /* Products */;
			projectDirPath = "";
			projectRoot = "";
			targets = (
				C2AB2A93250012FE00AEE257 /* MulticastDelegatePattern */,
			);
		};
/* End PBXProject section */

/* Begin PBXResourcesBuildPhase section */
		C2AB2A92250012FE00AEE257 /* Resources */ = {
			isa = PBXResourcesBuildPhase;
			buildActionMask = 2147483647;
			files = (
				C2AB2AA4250012FF00AEE257 /* LaunchScreen.storyboard in Resources */,
				C2AB2AA1250012FF00AEE257 /* Assets.xcassets in Resources */,
			);
			runOnlyForDeploymentPostprocessing = 0;
		};
/* End PBXResourcesBuildPhase section */

/* Begin PBXSourcesBuildPhase section */
		C2AB2A90250012FE00AEE257 /* Sources */ = {
			isa = PBXSourcesBuildPhase;
			buildActionMask = 2147483647;
			files = (
				C2AB2A9C250012FE00AEE257 /* RootViewController.swift in Sources */,
				C254B4122502BA1C00FE0112 /* Extension+UIViewController.swift in Sources */,
				C254B4202502BC4500FE0112 /* FourthChildViewController.swift in Sources */,
				C254B41E2502BC3100FE0112 /* ThirdChildViewController.swift in Sources */,
				C2AB2AAC250019D300AEE257 /* Service.swift in Sources */,
				C254B41C2502BC1E00FE0112 /* SecondChildViewController.swift in Sources */,
				C2AB2A98250012FE00AEE257 /* AppDelegate.swift in Sources */,
				C254B41A2502BC0500FE0112 /* FirstChildViewController.swift in Sources */,
				C2AB2A9A250012FE00AEE257 /* SceneDelegate.swift in Sources */,
				C254B4182502BBEE00FE0112 /* BaseViewController.swift in Sources */,
				C254B4142502BAC300FE0112 /* MulticastDelegate.swift in Sources */,
			);
			runOnlyForDeploymentPostprocessing = 0;
		};
/* End PBXSourcesBuildPhase section */

/* Begin PBXVariantGroup section */
		C2AB2AA2250012FF00AEE257 /* LaunchScreen.storyboard */ = {
			isa = PBXVariantGroup;
			children = (
				C2AB2AA3250012FF00AEE257 /* Base */,
			);
			name = LaunchScreen.storyboard;
			sourceTree = "<group>";
		};
/* End PBXVariantGroup section */

/* Begin XCBuildConfiguration section */
		C2AB2AA6250012FF00AEE257 /* Debug */ = {
			isa = XCBuildConfiguration;
			buildSettings = {
				ALWAYS_SEARCH_USER_PATHS = NO;
				CLANG_ANALYZER_NONNULL = YES;
				CLANG_ANALYZER_NUMBER_OBJECT_CONVERSION = YES_AGGRESSIVE;
				CLANG_CXX_LANGUAGE_STANDARD = "gnu++14";
				CLANG_CXX_LIBRARY = "libc++";
				CLANG_ENABLE_MODULES = YES;
				CLANG_ENABLE_OBJC_ARC = YES;
				CLANG_ENABLE_OBJC_WEAK = YES;
				CLANG_WARN_BLOCK_CAPTURE_AUTORELEASING = YES;
				CLANG_WARN_BOOL_CONVERSION = YES;
				CLANG_WARN_COMMA = YES;
				CLANG_WARN_CONSTANT_CONVERSION = YES;
				CLANG_WARN_DEPRECATED_OBJC_IMPLEMENTATIONS = YES;
				CLANG_WARN_DIRECT_OBJC_ISA_USAGE = YES_ERROR;
				CLANG_WARN_DOCUMENTATION_COMMENTS = YES;
				CLANG_WARN_EMPTY_BODY = YES;
				CLANG_WARN_ENUM_CONVERSION = YES;
				CLANG_WARN_INFINITE_RECURSION = YES;
				CLANG_WARN_INT_CONVERSION = YES;
				CLANG_WARN_NON_LITERAL_NULL_CONVERSION = YES;
				CLANG_WARN_OBJC_IMPLICIT_RETAIN_SELF = YES;
				CLANG_WARN_OBJC_LITERAL_CONVERSION = YES;
				CLANG_WARN_OBJC_ROOT_CLASS = YES_ERROR;
				CLANG_WARN_QUOTED_INCLUDE_IN_FRAMEWORK_HEADER = YES;
				CLANG_WARN_RANGE_LOOP_ANALYSIS = YES;
				CLANG_WARN_STRICT_PROTOTYPES = YES;
				CLANG_WARN_SUSPICIOUS_MOVE = YES;
				CLANG_WARN_UNGUARDED_AVAILABILITY = YES_AGGRESSIVE;
				CLANG_WARN_UNREACHABLE_CODE = YES;
				CLANG_WARN__DUPLICATE_METHOD_MATCH = YES;
				COPY_PHASE_STRIP = NO;
				DEBUG_INFORMATION_FORMAT = dwarf;
				ENABLE_STRICT_OBJC_MSGSEND = YES;
				ENABLE_TESTABILITY = YES;
				GCC_C_LANGUAGE_STANDARD = gnu11;
				GCC_DYNAMIC_NO_PIC = NO;
				GCC_NO_COMMON_BLOCKS = YES;
				GCC_OPTIMIZATION_LEVEL = 0;
				GCC_PREPROCESSOR_DEFINITIONS = (
					"DEBUG=1",
					"$(inherited)",
				);
				GCC_WARN_64_TO_32_BIT_CONVERSION = YES;
				GCC_WARN_ABOUT_RETURN_TYPE = YES_ERROR;
				GCC_WARN_UNDECLARED_SELECTOR = YES;
				GCC_WARN_UNINITIALIZED_AUTOS = YES_AGGRESSIVE;
				GCC_WARN_UNUSED_FUNCTION = YES;
				GCC_WARN_UNUSED_VARIABLE = YES;
				IPHONEOS_DEPLOYMENT_TARGET = 14.0;
				MTL_ENABLE_DEBUG_INFO = INCLUDE_SOURCE;
				MTL_FAST_MATH = YES;
				ONLY_ACTIVE_ARCH = YES;
				SDKROOT = iphoneos;
				SWIFT_ACTIVE_COMPILATION_CONDITIONS = DEBUG;
				SWIFT_OPTIMIZATION_LEVEL = "-Onone";
			};
			name = Debug;
		};
		C2AB2AA7250012FF00AEE257 /* Release */ = {
			isa = XCBuildConfiguration;
			buildSettings = {
				ALWAYS_SEARCH_USER_PATHS = NO;
				CLANG_ANALYZER_NONNULL = YES;
				CLANG_ANALYZER_NUMBER_OBJECT_CONVERSION = YES_AGGRESSIVE;
				CLANG_CXX_LANGUAGE_STANDARD = "gnu++14";
				CLANG_CXX_LIBRARY = "libc++";
				CLANG_ENABLE_MODULES = YES;
				CLANG_ENABLE_OBJC_ARC = YES;
				CLANG_ENABLE_OBJC_WEAK = YES;
				CLANG_WARN_BLOCK_CAPTURE_AUTORELEASING = YES;
				CLANG_WARN_BOOL_CONVERSION = YES;
				CLANG_WARN_COMMA = YES;
				CLANG_WARN_CONSTANT_CONVERSION = YES;
				CLANG_WARN_DEPRECATED_OBJC_IMPLEMENTATIONS = YES;
				CLANG_WARN_DIRECT_OBJC_ISA_USAGE = YES_ERROR;
				CLANG_WARN_DOCUMENTATION_COMMENTS = YES;
				CLANG_WARN_EMPTY_BODY = YES;
				CLANG_WARN_ENUM_CONVERSION = YES;
				CLANG_WARN_INFINITE_RECURSION = YES;
				CLANG_WARN_INT_CONVERSION = YES;
				CLANG_WARN_NON_LITERAL_NULL_CONVERSION = YES;
				CLANG_WARN_OBJC_IMPLICIT_RETAIN_SELF = YES;
				CLANG_WARN_OBJC_LITERAL_CONVERSION = YES;
				CLANG_WARN_OBJC_ROOT_CLASS = YES_ERROR;
				CLANG_WARN_QUOTED_INCLUDE_IN_FRAMEWORK_HEADER = YES;
				CLANG_WARN_RANGE_LOOP_ANALYSIS = YES;
				CLANG_WARN_STRICT_PROTOTYPES = YES;
				CLANG_WARN_SUSPICIOUS_MOVE = YES;
				CLANG_WARN_UNGUARDED_AVAILABILITY = YES_AGGRESSIVE;
				CLANG_WARN_UNREACHABLE_CODE = YES;
				CLANG_WARN__DUPLICATE_METHOD_MATCH = YES;
				COPY_PHASE_STRIP = NO;
				DEBUG_INFORMATION_FORMAT = "dwarf-with-dsym";
				ENABLE_NS_ASSERTIONS = NO;
				ENABLE_STRICT_OBJC_MSGSEND = YES;
				GCC_C_LANGUAGE_STANDARD = gnu11;
				GCC_NO_COMMON_BLOCKS = YES;
				GCC_WARN_64_TO_32_BIT_CONVERSION = YES;
				GCC_WARN_ABOUT_RETURN_TYPE = YES_ERROR;
				GCC_WARN_UNDECLARED_SELECTOR = YES;
				GCC_WARN_UNINITIALIZED_AUTOS = YES_AGGRESSIVE;
				GCC_WARN_UNUSED_FUNCTION = YES;
				GCC_WARN_UNUSED_VARIABLE = YES;
				IPHONEOS_DEPLOYMENT_TARGET = 14.0;
				MTL_ENABLE_DEBUG_INFO = NO;
				MTL_FAST_MATH = YES;
				SDKROOT = iphoneos;
				SWIFT_COMPILATION_MODE = wholemodule;
				SWIFT_OPTIMIZATION_LEVEL = "-O";
				VALIDATE_PRODUCT = YES;
			};
			name = Release;
		};
		C2AB2AA9250012FF00AEE257 /* Debug */ = {
			isa = XCBuildConfiguration;
			buildSettings = {
				ASSETCATALOG_COMPILER_APPICON_NAME = AppIcon;
				ASSETCATALOG_COMPILER_GLOBAL_ACCENT_COLOR_NAME = AccentColor;
				CODE_SIGN_STYLE = Automatic;
				DEVELOPMENT_TEAM = 432CKYPT28;
				INFOPLIST_FILE = "MulticastDelegatePattern/Supporting Files/Info.plist";
				IPHONEOS_DEPLOYMENT_TARGET = 13.6;
				LD_RUNPATH_SEARCH_PATHS = (
					"$(inherited)",
					"@executable_path/Frameworks",
				);
				PRODUCT_BUNDLE_IDENTIFIER = com.yasinkbas.MulticastDelegatePattern;
				PRODUCT_NAME = "$(TARGET_NAME)";
				SUPPORTED_PLATFORMS = "iphonesimulator iphoneos";
				SWIFT_VERSION = 5.0;
				TARGETED_DEVICE_FAMILY = "1,2";
			};
			name = Debug;
		};
		C2AB2AAA250012FF00AEE257 /* Release */ = {
			isa = XCBuildConfiguration;
			buildSettings = {
				ASSETCATALOG_COMPILER_APPICON_NAME = AppIcon;
				ASSETCATALOG_COMPILER_GLOBAL_ACCENT_COLOR_NAME = AccentColor;
				CODE_SIGN_STYLE = Automatic;
				DEVELOPMENT_TEAM = 432CKYPT28;
				INFOPLIST_FILE = "MulticastDelegatePattern/Supporting Files/Info.plist";
				IPHONEOS_DEPLOYMENT_TARGET = 13.6;
				LD_RUNPATH_SEARCH_PATHS = (
					"$(inherited)",
					"@executable_path/Frameworks",
				);
				PRODUCT_BUNDLE_IDENTIFIER = com.yasinkbas.MulticastDelegatePattern;
				PRODUCT_NAME = "$(TARGET_NAME)";
				SUPPORTED_PLATFORMS = "iphonesimulator iphoneos";
				SWIFT_VERSION = 5.0;
				TARGETED_DEVICE_FAMILY = "1,2";
			};
			name = Release;
		};
/* End XCBuildConfiguration section */

/* Begin XCConfigurationList section */
		C2AB2A8F250012FE00AEE257 /* Build configuration list for PBXProject "MulticastDelegatePattern" */ = {
			isa = XCConfigurationList;
			buildConfigurations = (
				C2AB2AA6250012FF00AEE257 /* Debug */,
				C2AB2AA7250012FF00AEE257 /* Release */,
			);
			defaultConfigurationIsVisible = 0;
			defaultConfigurationName = Release;
		};
		C2AB2AA8250012FF00AEE257 /* Build configuration list for PBXNativeTarget "MulticastDelegatePattern" */ = {
			isa = XCConfigurationList;
			buildConfigurations = (
				C2AB2AA9250012FF00AEE257 /* Debug */,
				C2AB2AAA250012FF00AEE257 /* Release */,
			);
			defaultConfigurationIsVisible = 0;
			defaultConfigurationName = Release;
		};
/* End XCConfigurationList section */
	};
	rootObject = C2AB2A8C250012FE00AEE257 /* Project object */;
}
